
Microsoft Visual Studio Solution File, Format Version 12.00
# Visual Studio Version 16
VisualStudioVersion = 16.0.31402.337
MinimumVisualStudioVersion = 10.0.40219.1
Project("{8BC9CEB8-8B4A-11D0-8D11-00A0C91BC942}") = "TankGame", "TankGame\TankGame.vcxproj", "{AF3D1A21-F989-4942-9704-4AD6BA0C771D}"
	ProjectSection(ProjectDependencies) = postProject
		{EB1A5819-43E6-4F05-97DD-42851881FF63} = {EB1A5819-43E6-4F05-97DD-42851881FF63}
		{31D448CC-AA44-4AAE-BBE3-ADB6595F2138} = {31D448CC-AA44-4AAE-BBE3-ADB6595F2138}
	EndProjectSection
EndProject
Project("{8BC9CEB8-8B4A-11D0-8D11-00A0C91BC942}") = "GLFW", "Engine\Vendor\GLFW\GLFW.vcxproj", "{6A68A5EB-25F5-4647-9849-285F1BAB32B2}"
EndProject
Project("{8BC9CEB8-8B4A-11D0-8D11-00A0C91BC942}") = "Engine", "Engine\Engine.vcxproj", "{31D448CC-AA44-4AAE-BBE3-ADB6595F2138}"
	ProjectSection(ProjectDependencies) = postProject
		{6A68A5EB-25F5-4647-9849-285F1BAB32B2} = {6A68A5EB-25F5-4647-9849-285F1BAB32B2}
	EndProjectSection
EndProject
Project("{8BC9CEB8-8B4A-11D0-8D11-00A0C91BC942}") = "Framework2D", "Framework2D\Framework2D.vcxproj", "{EB1A5819-43E6-4F05-97DD-42851881FF63}"
EndProject
Project("{8BC9CEB8-8B4A-11D0-8D11-00A0C91BC942}") = "GLEW", "Engine\Vendor\GLEW\GLEW.vcxproj", "{9406E4F2-F962-4F7C-A186-89D46D271E10}"
EndProject
Project("{8BC9CEB8-8B4A-11D0-8D11-00A0C91BC942}") = "GLM", "Engine\Vendor\GLM\GLM.vcxproj", "{00F2C70F-F705-4F75-8276-A7A40BBF5C64}"
EndProject
Global
	GlobalSection(SolutionConfigurationPlatforms) = preSolution
		Debug|x64 = Debug|x64
		Debug|x86 = Debug|x86
		Release|x64 = Release|x64
		Release|x86 = Release|x86
	EndGlobalSection
	GlobalSection(ProjectConfigurationPlatforms) = postSolution
		{6A68A5EB-25F5-4647-9849-285F1BAB32B2}.Debug|x64.ActiveCfg = Debug|x64
		{6A68A5EB-25F5-4647-9849-285F1BAB32B2}.Debug|x64.Build.0 = Debug|x64
		{6A68A5EB-25F5-4647-9849-285F1BAB32B2}.Debug|x86.ActiveCfg = Debug|x64
		{6A68A5EB-25F5-4647-9849-285F1BAB32B2}.Release|x64.ActiveCfg = Release|x64
		{6A68A5EB-25F5-4647-9849-285F1BAB32B2}.Release|x64.Build.0 = Release|x64
		{6A68A5EB-25F5-4647-9849-285F1BAB32B2}.Release|x86.ActiveCfg = Release|x64
		{31D448CC-AA44-4AAE-BBE3-ADB6595F2138}.Debug|x64.ActiveCfg = Debug|x64
		{31D448CC-AA44-4AAE-BBE3-ADB6595F2138}.Debug|x64.Build.0 = Debug|x64
		{31D448CC-AA44-4AAE-BBE3-ADB6595F2138}.Debug|x86.ActiveCfg = Debug|x64
		{31D448CC-AA44-4AAE-BBE3-ADB6595F2138}.Release|x64.ActiveCfg = Release|x64
		{31D448CC-AA44-4AAE-BBE3-ADB6595F2138}.Release|x64.Build.0 = Release|x64
		{31D448CC-AA44-4AAE-BBE3-ADB6595F2138}.Release|x86.ActiveCfg = Release|x64
		{EB1A5819-43E6-4F05-97DD-42851881FF63}.Debug|x64.ActiveCfg = Debug|x64
		{EB1A5819-43E6-4F05-97DD-42851881FF63}.Debug|x64.Build.0 = Debug|x64
		{EB1A5819-43E6-4F05-97DD-42851881FF63}.Debug|x86.ActiveCfg = Debug|x64
		{EB1A5819-43E6-4F05-97DD-42851881FF63}.Release|x64.ActiveCfg = Release|x64
		{EB1A5819-43E6-4F05-97DD-42851881FF63}.Release|x64.Build.0 = Release|x64
		{EB1A5819-43E6-4F05-97DD-42851881FF63}.Release|x86.ActiveCfg = Release|x64
		{AF3D1A21-F989-4942-9704-4AD6BA0C771D}.Debug|x64.ActiveCfg = Debug|x64
		{AF3D1A21-F989-4942-9704-4AD6BA0C771D}.Debug|x64.Build.0 = Debug|x64
		{AF3D1A21-F989-4942-9704-4AD6BA0C771D}.Debug|x86.ActiveCfg = Debug|Win32
		{AF3D1A21-F989-4942-9704-4AD6BA0C771D}.Debug|x86.Build.0 = Debug|Win32
		{AF3D1A21-F989-4942-9704-4AD6BA0C771D}.Release|x64.ActiveCfg = Release|x64
		{AF3D1A21-F989-4942-9704-4AD6BA0C771D}.Release|x64.Build.0 = Release|x64
		{AF3D1A21-F989-4942-9704-4AD6BA0C771D}.Release|x86.ActiveCfg = Release|Win32
		{AF3D1A21-F989-4942-9704-4AD6BA0C771D}.Release|x86.Build.0 = Release|Win32
		{9406E4F2-F962-4F7C-A186-89D46D271E10}.Debug|x64.ActiveCfg = Debug|x64
		{9406E4F2-F962-4F7C-A186-89D46D271E10}.Debug|x64.Build.0 = Debug|x64
		{9406E4F2-F962-4F7C-A186-89D46D271E10}.Debug|x86.ActiveCfg = Debug|Win32
		{9406E4F2-F962-4F7C-A186-89D46D271E10}.Debug|x86.Build.0 = Debug|Win32
		{9406E4F2-F962-4F7C-A186-89D46D271E10}.Release|x64.ActiveCfg = Release|x64
		{9406E4F2-F962-4F7C-A186-89D46D271E10}.Release|x64.Build.0 = Release|x64
		{9406E4F2-F962-4F7C-A186-89D46D271E10}.Release|x86.ActiveCfg = Release|Win32
		{9406E4F2-F962-4F7C-A186-89D46D271E10}.Release|x86.Build.0 = Release|Win32
		{00F2C70F-F705-4F75-8276-A7A40BBF5C64}.Debug|x64.ActiveCfg = Debug|x64
		{00F2C70F-F705-4F75-8276-A7A40BBF5C64}.Debug|x64.Build.0 = Debug|x64
		{00F2C70F-F705-4F75-8276-A7A40BBF5C64}.Debug|x86.ActiveCfg = Debug|Win32
		{00F2C70F-F705-4F75-8276-A7A40BBF5C64}.Debug|x86.Build.0 = Debug|Win32
		{00F2C70F-F705-4F75-8276-A7A40BBF5C64}.Release|x64.ActiveCfg = Release|x64
		{00F2C70F-F705-4F75-8276-A7A40BBF5C64}.Release|x64.Build.0 = Release|x64
		{00F2C70F-F705-4F75-8276-A7A40BBF5C64}.Release|x86.ActiveCfg = Release|Win32
		{00F2C70F-F705-4F75-8276-A7A40BBF5C64}.Release|x86.Build.0 = Release|Win32
	EndGlobalSection
	GlobalSection(SolutionProperties) = preSolution
		HideSolutionNode = FALSE
	EndGlobalSection
	GlobalSection(ExtensibilityGlobals) = postSolution
		SolutionGuid = {42E835D3-6859-4BBB-87F9-ED636109308D}
	EndGlobalSection
EndGlobal
